
Microsoft Visual Studio Solution File, Format Version 12.00
# Visual Studio 15
VisualStudioVersion = 15.0.28010.2041
MinimumVisualStudioVersion = 10.0.40219.1
Project("{8BC9CEB8-8B4A-11D0-8D11-00A0C91BC942}") = "Ansi++", "Ansi++\Ansi++.vcxproj", "{627219AA-C8E1-4C24-9928-CE249910BFE5}"
EndProject
Project("{8BC9CEB8-8B4A-11D0-8D11-00A0C91BC942}") = "Test", "Test\Test.vcxproj", "{B26F21CA-70CF-4B9A-B8CE-6592D565F295}"
	ProjectSection(ProjectDependencies) = postProject
		{627219AA-C8E1-4C24-9928-CE249910BFE5} = {627219AA-C8E1-4C24-9928-CE249910BFE5}
	EndProjectSection
EndProject
Global
	GlobalSection(SolutionConfigurationPlatforms) = preSolution
		Debug|x64 = Debug|x64
		Debug|x86 = Debug|x86
		Release|x64 = Release|x64
		Release|x86 = Release|x86
	EndGlobalSection
	GlobalSection(ProjectConfigurationPlatforms) = postSolution
		{627219AA-C8E1-4C24-9928-CE249910BFE5}.Debug|x64.ActiveCfg = Debug|x64
		{627219AA-C8E1-4C24-9928-CE249910BFE5}.Debug|x64.Build.0 = Debug|x64
		{627219AA-C8E1-4C24-9928-CE249910BFE5}.Debug|x86.ActiveCfg = Debug|Win32
		{627219AA-C8E1-4C24-9928-CE249910BFE5}.Debug|x86.Build.0 = Debug|Win32
		{627219AA-C8E1-4C24-9928-CE249910BFE5}.Release|x64.ActiveCfg = Release|x64
		{627219AA-C8E1-4C24-9928-CE249910BFE5}.Release|x64.Build.0 = Release|x64
		{627219AA-C8E1-4C24-9928-CE249910BFE5}.Release|x86.ActiveCfg = Release|Win32
		{627219AA-C8E1-4C24-9928-CE249910BFE5}.Release|x86.Build.0 = Release|Win32
		{B26F21CA-70CF-4B9A-B8CE-6592D565F295}.Debug|x64.ActiveCfg = Debug|x64
		{B26F21CA-70CF-4B9A-B8CE-6592D565F295}.Debug|x64.Build.0 = Debug|x64
		{B26F21CA-70CF-4B9A-B8CE-6592D565F295}.Debug|x86.ActiveCfg = Debug|Win32
		{B26F21CA-70CF-4B9A-B8CE-6592D565F295}.Debug|x86.Build.0 = Debug|Win32
		{B26F21CA-70CF-4B9A-B8CE-6592D565F295}.Release|x64.ActiveCfg = Release|x64
		{B26F21CA-70CF-4B9A-B8CE-6592D565F295}.Release|x64.Build.0 = Release|x64
		{B26F21CA-70CF-4B9A-B8CE-6592D565F295}.Release|x86.ActiveCfg = Release|Win32
		{B26F21CA-70CF-4B9A-B8CE-6592D565F295}.Release|x86.Build.0 = Release|Win32
	EndGlobalSection
	GlobalSection(SolutionProperties) = preSolution
		HideSolutionNode = FALSE
	EndGlobalSection
	GlobalSection(ExtensibilityGlobals) = postSolution
		SolutionGuid = {39D11E29-4DFA-4D34-A2AB-1E8087489CE9}
	EndGlobalSection
EndGlobal
